
Microsoft Visual Studio Solution File, Format Version 12.00
# Visual Studio Version 17
VisualStudioVersion = 17.13.36105.23 d17.13
MinimumVisualStudioVersion = 10.0.40219.1
Project("{F184B08F-C81C-45F6-A57F-5ABD9991F28F}") = "Coding Tracker", "Coding Tracker\Coding Tracker.vbproj", "{EB79E3FF-0CD4-4DB2-8367-16B1D22F2377}"
EndProject
Global
	GlobalSection(SolutionConfigurationPlatforms) = preSolution
		Debug|Any CPU = Debug|Any CPU
		Release|Any CPU = Release|Any CPU
	EndGlobalSection
	GlobalSection(ProjectConfigurationPlatforms) = postSolution
		{EB79E3FF-0CD4-4DB2-8367-16B1D22F2377}.Debug|Any CPU.ActiveCfg = Debug|Any CPU
		{EB79E3FF-0CD4-4DB2-8367-16B1D22F2377}.Debug|Any CPU.Build.0 = Debug|Any CPU
		{EB79E3FF-0CD4-4DB2-8367-16B1D22F2377}.Release|Any CPU.ActiveCfg = Release|Any CPU
		{EB79E3FF-0CD4-4DB2-8367-16B1D22F2377}.Release|Any CPU.Build.0 = Release|Any CPU
	EndGlobalSection
	GlobalSection(SolutionProperties) = preSolution
		HideSolutionNode = FALSE
	EndGlobalSection
	GlobalSection(ExtensibilityGlobals) = postSolution
		SolutionGuid = {78E07513-7434-42DC-B349-FED9DBB270D2}
	EndGlobalSection
EndGlobal
